
Microsoft Visual Studio Solution File, Format Version 12.00
# Visual Studio Version 16
VisualStudioVersion = 16.0.29920.165
MinimumVisualStudioVersion = 10.0.40219.1
Project("{FAE04EC0-301F-11D3-BF4B-00C04F79EFBC}") = "InfluenceMod", "BannerlordMod\InfluenceMod.csproj", "{AF9ED0B5-EC3F-4109-9EB6-FF71F1582826}"
EndProject
Global
	GlobalSection(SolutionConfigurationPlatforms) = preSolution
		Debug|Any CPU = Debug|Any CPU
		Release|Any CPU = Release|Any CPU
	EndGlobalSection
	GlobalSection(ProjectConfigurationPlatforms) = postSolution
		{AF9ED0B5-EC3F-4109-9EB6-FF71F1582826}.Debug|Any CPU.ActiveCfg = Debug|Any CPU
		{AF9ED0B5-EC3F-4109-9EB6-FF71F1582826}.Debug|Any CPU.Build.0 = Debug|Any CPU
		{AF9ED0B5-EC3F-4109-9EB6-FF71F1582826}.Release|Any CPU.ActiveCfg = Release|Any CPU
		{AF9ED0B5-EC3F-4109-9EB6-FF71F1582826}.Release|Any CPU.Build.0 = Release|Any CPU
	EndGlobalSection
	GlobalSection(SolutionProperties) = preSolution
		HideSolutionNode = FALSE
	EndGlobalSection
	GlobalSection(ExtensibilityGlobals) = postSolution
		SolutionGuid = {F7578EF4-CA2E-4527-9ABA-62260BEA0E4E}
	EndGlobalSection
EndGlobal
